// !$*UTF8*$!
{
	archiveVersion = 1;
	classes = {
	};
	objectVersion = 77;
	objects = {

/* Begin PBXContainerItemProxy section */
		B85403E42E94C16C0017992D /* PBXContainerItemProxy */ = {
			isa = PBXContainerItemProxy;
			containerPortal = B85403C52E94C16B0017992D /* Project object */;
			proxyType = 1;
			remoteGlobalIDString = B85403CC2E94C16B0017992D;
			remoteInfo = dipirogovPW2;
		};
		B85403EE2E94C16C0017992D /* PBXContainerItemProxy */ = {
			isa = PBXContainerItemProxy;
			containerPortal = B85403C52E94C16B0017992D /* Project object */;
			proxyType = 1;
			remoteGlobalIDString = B85403CC2E94C16B0017992D;
			remoteInfo = dipirogovPW2;
		};
/* End PBXContainerItemProxy section */

/* Begin PBXFileReference section */
		B85403CD2E94C16B0017992D /* dipirogovPW2.app */ = {isa = PBXFileReference; explicitFileType = wrapper.application; includeInIndex = 0; path = dipirogovPW2.app; sourceTree = BUILT_PRODUCTS_DIR; };
		B85403E32E94C16C0017992D /* dipirogovPW2Tests.xctest */ = {isa = PBXFileReference; explicitFileType = wrapper.cfbundle; includeInIndex = 0; path = dipirogovPW2Tests.xctest; sourceTree = BUILT_PRODUCTS_DIR; };
		B85403ED2E94C16C0017992D /* dipirogovPW2UITests.xctest */ = {isa = PBXFileReference; explicitFileType = wrapper.cfbundle; includeInIndex = 0; path = dipirogovPW2UITests.xctest; sourceTree = BUILT_PRODUCTS_DIR; };
/* End PBXFileReference section */

/* Begin PBXFileSystemSynchronizedBuildFileExceptionSet section */
		B85403F52E94C16C0017992D /* Exceptions for "dipirogovPW2" folder in "dipirogovPW2" target */ = {
			isa = PBXFileSystemSynchronizedBuildFileExceptionSet;
			membershipExceptions = (
				Info.plist,
			);
			target = B85403CC2E94C16B0017992D /* dipirogovPW2 */;
		};
/* End PBXFileSystemSynchronizedBuildFileExceptionSet section */

/* Begin PBXFileSystemSynchronizedRootGroup section */
		B85403CF2E94C16B0017992D /* dipirogovPW2 */ = {
			isa = PBXFileSystemSynchronizedRootGroup;
			exceptions = (
				B85403F52E94C16C0017992D /* Exceptions for "dipirogovPW2" folder in "dipirogovPW2" target */,
			);
			path = dipirogovPW2;
			sourceTree = "<group>";
		};
		B85403E62E94C16C0017992D /* dipirogovPW2Tests */ = {
			isa = PBXFileSystemSynchronizedRootGroup;
			path = dipirogovPW2Tests;
			sourceTree = "<group>";
		};
		B85403F02E94C16C0017992D /* dipirogovPW2UITests */ = {
			isa = PBXFileSystemSynchronizedRootGroup;
			path = dipirogovPW2UITests;
			sourceTree = "<group>";
		};
/* End PBXFileSystemSynchronizedRootGroup section */

/* Begin PBXFrameworksBuildPhase section */
		B85403CA2E94C16B0017992D /* Frameworks */ = {
			isa = PBXFrameworksBuildPhase;
			buildActionMask = 2147483647;
			files = (
			);
			runOnlyForDeploymentPostprocessing = 0;
		};
		B85403E02E94C16C0017992D /* Frameworks */ = {
			isa = PBXFrameworksBuildPhase;
			buildActionMask = 2147483647;
			files = (
			);
			runOnlyForDeploymentPostprocessing = 0;
		};
		B85403EA2E94C16C0017992D /* Frameworks */ = {
			isa = PBXFrameworksBuildPhase;
			buildActionMask = 2147483647;
			files = (
			);
			runOnlyForDeploymentPostprocessing = 0;
		};
/* End PBXFrameworksBuildPhase section */

/* Begin PBXGroup section */
		B85403C42E94C16B0017992D = {
			isa = PBXGroup;
			children = (
				B85403CF2E94C16B0017992D /* dipirogovPW2 */,
				B85403E62E94C16C0017992D /* dipirogovPW2Tests */,
				B85403F02E94C16C0017992D /* dipirogovPW2UITests */,
				B85403CE2E94C16B0017992D /* Products */,
			);
			sourceTree = "<group>";
		};
		B85403CE2E94C16B0017992D /* Products */ = {
			isa = PBXGroup;
			children = (
				B85403CD2E94C16B0017992D /* dipirogovPW2.app */,
				B85403E32E94C16C0017992D /* dipirogovPW2Tests.xctest */,
				B85403ED2E94C16C0017992D /* dipirogovPW2UITests.xctest */,
			);
			name = Products;
			sourceTree = "<group>";
		};
/* End PBXGroup section */

/* Begin PBXNativeTarget section */
		B85403CC2E94C16B0017992D /* dipirogovPW2 */ = {
			isa = PBXNativeTarget;
			buildConfigurationList = B85403F62E94C16C0017992D /* Build configuration list for PBXNativeTarget "dipirogovPW2" */;
			buildPhases = (
				B85403C92E94C16B0017992D /* Sources */,
				B85403CA2E94C16B0017992D /* Frameworks */,
				B85403CB2E94C16B0017992D /* Resources */,
			);
			buildRules = (
			);
			dependencies = (
			);
			fileSystemSynchronizedGroups = (
				B85403CF2E94C16B0017992D /* dipirogovPW2 */,
			);
			name = dipirogovPW2;
			packageProductDependencies = (
			);
			productName = dipirogovPW2;
			productReference = B85403CD2E94C16B0017992D /* dipirogovPW2.app */;
			productType = "com.apple.product-type.application";
		};
		B85403E22E94C16C0017992D /* dipirogovPW2Tests */ = {
			isa = PBXNativeTarget;
			buildConfigurationList = B85403FB2E94C16C0017992D /* Build configuration list for PBXNativeTarget "dipirogovPW2Tests" */;
			buildPhases = (
				B85403DF2E94C16C0017992D /* Sources */,
				B85403E02E94C16C0017992D /* Frameworks */,
				B85403E12E94C16C0017992D /* Resources */,
			);
			buildRules = (
			);
			dependencies = (
				B85403E52E94C16C0017992D /* PBXTargetDependency */,
			);
			fileSystemSynchronizedGroups = (
				B85403E62E94C16C0017992D /* dipirogovPW2Tests */,
			);
			name = dipirogovPW2Tests;
			packageProductDependencies = (
			);
			productName = dipirogovPW2Tests;
			productReference = B85403E32E94C16C0017992D /* dipirogovPW2Tests.xctest */;
			productType = "com.apple.product-type.bundle.unit-test";
		};
		B85403EC2E94C16C0017992D /* dipirogovPW2UITests */ = {
			isa = PBXNativeTarget;
			buildConfigurationList = B85403FE2E94C16C0017992D /* Build configuration list for PBXNativeTarget "dipirogovPW2UITests" */;
			buildPhases = (
				B85403E92E94C16C0017992D /* Sources */,
				B85403EA2E94C16C0017992D /* Frameworks */,
				B85403EB2E94C16C0017992D /* Resources */,
			);
			buildRules = (
			);
			dependencies = (
				B85403EF2E94C16C0017992D /* PBXTargetDependency */,
			);
			fileSystemSynchronizedGroups = (
				B85403F02E94C16C0017992D /* dipirogovPW2UITests */,
			);
			name = dipirogovPW2UITests;
			packageProductDependencies = (
			);
			productName = dipirogovPW2UITests;
			productReference = B85403ED2E94C16C0017992D /* dipirogovPW2UITests.xctest */;
			productType = "com.apple.product-type.bundle.ui-testing";
		};
/* End PBXNativeTarget section */

/* Begin PBXProject section */
		B85403C52E94C16B0017992D /* Project object */ = {
			isa = PBXProject;
			attributes = {
				BuildIndependentTargetsInParallel = 1;
				LastSwiftUpdateCheck = 1640;
				LastUpgradeCheck = 1640;
				TargetAttributes = {
					B85403CC2E94C16B0017992D = {
						CreatedOnToolsVersion = 16.4;
					};
					B85403E22E94C16C0017992D = {
						CreatedOnToolsVersion = 16.4;
						TestTargetID = B85403CC2E94C16B0017992D;
					};
					B85403EC2E94C16C0017992D = {
						CreatedOnToolsVersion = 16.4;
						TestTargetID = B85403CC2E94C16B0017992D;
					};
				};
			};
			buildConfigurationList = B85403C82E94C16B0017992D /* Build configuration list for PBXProject "dipirogovPW2" */;
			developmentRegion = en;
			hasScannedForEncodings = 0;
			knownRegions = (
				en,
				Base,
			);
			mainGroup = B85403C42E94C16B0017992D;
			minimizedProjectReferenceProxies = 1;
			preferredProjectObjectVersion = 77;
			productRefGroup = B85403CE2E94C16B0017992D /* Products */;
			projectDirPath = "";
			projectRoot = "";
			targets = (
				B85403CC2E94C16B0017992D /* dipirogovPW2 */,
				B85403E22E94C16C0017992D /* dipirogovPW2Tests */,
				B85403EC2E94C16C0017992D /* dipirogovPW2UITests */,
			);
		};
/* End PBXProject section */

/* Begin PBXResourcesBuildPhase section */
		B85403CB2E94C16B0017992D /* Resources */ = {
			isa = PBXResourcesBuildPhase;
			buildActionMask = 2147483647;
			files = (
			);
			runOnlyForDeploymentPostprocessing = 0;
		};
		B85403E12E94C16C0017992D /* Resources */ = {
			isa = PBXResourcesBuildPhase;
			buildActionMask = 2147483647;
			files = (
			);
			runOnlyForDeploymentPostprocessing = 0;
		};
		B85403EB2E94C16C0017992D /* Resources */ = {
			isa = PBXResourcesBuildPhase;
			buildActionMask = 2147483647;
			files = (
			);
			runOnlyForDeploymentPostprocessing = 0;
		};
/* End PBXResourcesBuildPhase section */

/* Begin PBXSourcesBuildPhase section */
		B85403C92E94C16B0017992D /* Sources */ = {
			isa = PBXSourcesBuildPhase;
			buildActionMask = 2147483647;
			files = (
			);
			runOnlyForDeploymentPostprocessing = 0;
		};
		B85403DF2E94C16C0017992D /* Sources */ = {
			isa = PBXSourcesBuildPhase;
			buildActionMask = 2147483647;
			files = (
			);
			runOnlyForDeploymentPostprocessing = 0;
		};
		B85403E92E94C16C0017992D /* Sources */ = {
			isa = PBXSourcesBuildPhase;
			buildActionMask = 2147483647;
			files = (
			);
			runOnlyForDeploymentPostprocessing = 0;
		};
/* End PBXSourcesBuildPhase section */

/* Begin PBXTargetDependency section */
		B85403E52E94C16C0017992D /* PBXTargetDependency */ = {
			isa = PBXTargetDependency;
			target = B85403CC2E94C16B0017992D /* dipirogovPW2 */;
			targetProxy = B85403E42E94C16C0017992D /* PBXContainerItemProxy */;
		};
		B85403EF2E94C16C0017992D /* PBXTargetDependency */ = {
			isa = PBXTargetDependency;
			target = B85403CC2E94C16B0017992D /* dipirogovPW2 */;
			targetProxy = B85403EE2E94C16C0017992D /* PBXContainerItemProxy */;
		};
/* End PBXTargetDependency section */

/* Begin XCBuildConfiguration section */
		B85403F72E94C16C0017992D /* Debug */ = {
			isa = XCBuildConfiguration;
			buildSettings = {
				ASSETCATALOG_COMPILER_APPICON_NAME = AppIcon;
				ASSETCATALOG_COMPILER_GLOBAL_ACCENT_COLOR_NAME = AccentColor;
				CODE_SIGN_STYLE = Automatic;
				CURRENT_PROJECT_VERSION = 1;
				GENERATE_INFOPLIST_FILE = YES;
				INFOPLIST_FILE = dipirogovPW2/Info.plist;
				INFOPLIST_KEY_UIApplicationSupportsIndirectInputEvents = YES;
				INFOPLIST_KEY_UILaunchStoryboardName = LaunchScreen;
				INFOPLIST_KEY_UIMainStoryboardFile = Main;
				INFOPLIST_KEY_UISupportedInterfaceOrientations_iPad = "UIInterfaceOrientationPortrait UIInterfaceOrientationPortraitUpsideDown UIInterfaceOrientationLandscapeLeft UIInterfaceOrientationLandscapeRight";
				INFOPLIST_KEY_UISupportedInterfaceOrientations_iPhone = "UIInterfaceOrientationPortrait UIInterfaceOrientationLandscapeLeft UIInterfaceOrientationLandscapeRight";
				LD_RUNPATH_SEARCH_PATHS = (
					"$(inherited)",
					"@executable_path/Frameworks",
				);
				MARKETING_VERSION = 1.0;
				PRODUCT_BUNDLE_IDENTIFIER = HSE.dipirogovPW2;
				PRODUCT_NAME = "$(TARGET_NAME)";
				SWIFT_EMIT_LOC_STRINGS = YES;
				SWIFT_VERSION = 5.0;
				TARGETED_DEVICE_FAMILY = "1,2";
			};
			name = Debug;
		};
		B85403F82E94C16C0017992D /* Release */ = {
			isa = XCBuildConfiguration;
			buildSettings = {
				ASSETCATALOG_COMPILER_APPICON_NAME = AppIcon;
				ASSETCATALOG_COMPILER_GLOBAL_ACCENT_COLOR_NAME = AccentColor;
				CODE_SIGN_STYLE = Automatic;
				CURRENT_PROJECT_VERSION = 1;
				GENERATE_INFOPLIST_FILE = YES;
				INFOPLIST_FILE = dipirogovPW2/Info.plist;
				INFOPLIST_KEY_UIApplicationSupportsIndirectInputEvents = YES;
				INFOPLIST_KEY_UILaunchStoryboardName = LaunchScreen;
				INFOPLIST_KEY_UIMainStoryboardFile = Main;
				INFOPLIST_KEY_UISupportedInterfaceOrientations_iPad = "UIInterfaceOrientationPortrait UIInterfaceOrientationPortraitUpsideDown UIInterfaceOrientationLandscapeLeft UIInterfaceOrientationLandscapeRight";
				INFOPLIST_KEY_UISupportedInterfaceOrientations_iPhone = "UIInterfaceOrientationPortrait UIInterfaceOrientationLandscapeLeft UIInterfaceOrientationLandscapeRight";
				LD_RUNPATH_SEARCH_PATHS = (
					"$(inherited)",
					"@executable_path/Frameworks",
				);
				MARKETING_VERSION = 1.0;
				PRODUCT_BUNDLE_IDENTIFIER = HSE.dipirogovPW2;
				PRODUCT_NAME = "$(TARGET_NAME)";
				SWIFT_EMIT_LOC_STRINGS = YES;
				SWIFT_VERSION = 5.0;
				TARGETED_DEVICE_FAMILY = "1,2";
			};
			name = Release;
		};
		B85403F92E94C16C0017992D /* Debug */ = {
			isa = XCBuildConfiguration;
			buildSettings = {
				ALWAYS_SEARCH_USER_PATHS = NO;
				ASSETCATALOG_COMPILER_GENERATE_SWIFT_ASSET_SYMBOL_EXTENSIONS = YES;
				CLANG_ANALYZER_NONNULL = YES;
				CLANG_ANALYZER_NUMBER_OBJECT_CONVERSION = YES_AGGRESSIVE;
				CLANG_CXX_LANGUAGE_STANDARD = "gnu++20";
				CLANG_ENABLE_MODULES = YES;
				CLANG_ENABLE_OBJC_ARC = YES;
				CLANG_ENABLE_OBJC_WEAK = YES;
				CLANG_WARN_BLOCK_CAPTURE_AUTORELEASING = YES;
				CLANG_WARN_BOOL_CONVERSION = YES;
				CLANG_WARN_COMMA = YES;
				CLANG_WARN_CONSTANT_CONVERSION = YES;
				CLANG_WARN_DEPRECATED_OBJC_IMPLEMENTATIONS = YES;
				CLANG_WARN_DIRECT_OBJC_ISA_USAGE = YES_ERROR;
				CLANG_WARN_DOCUMENTATION_COMMENTS = YES;
				CLANG_WARN_EMPTY_BODY = YES;
				CLANG_WARN_ENUM_CONVERSION = YES;
				CLANG_WARN_INFINITE_RECURSION = YES;
				CLANG_WARN_INT_CONVERSION = YES;
				CLANG_WARN_NON_LITERAL_NULL_CONVERSION = YES;
				CLANG_WARN_OBJC_IMPLICIT_RETAIN_SELF = YES;
				CLANG_WARN_OBJC_LITERAL_CONVERSION = YES;
				CLANG_WARN_OBJC_ROOT_CLASS = YES_ERROR;
				CLANG_WARN_QUOTED_INCLUDE_IN_FRAMEWORK_HEADER = YES;
				CLANG_WARN_RANGE_LOOP_ANALYSIS = YES;
				CLANG_WARN_STRICT_PROTOTYPES = YES;
				CLANG_WARN_SUSPICIOUS_MOVE = YES;
				CLANG_WARN_UNGUARDED_AVAILABILITY = YES_AGGRESSIVE;
				CLANG_WARN_UNREACHABLE_CODE = YES;
				CLANG_WARN__DUPLICATE_METHOD_MATCH = YES;
				COPY_PHASE_STRIP = NO;
				DEBUG_INFORMATION_FORMAT = dwarf;
				ENABLE_STRICT_OBJC_MSGSEND = YES;
				ENABLE_TESTABILITY = YES;
				ENABLE_USER_SCRIPT_SANDBOXING = YES;
				GCC_C_LANGUAGE_STANDARD = gnu17;
				GCC_DYNAMIC_NO_PIC = NO;
				GCC_NO_COMMON_BLOCKS = YES;
				GCC_OPTIMIZATION_LEVEL = 0;
				GCC_PREPROCESSOR_DEFINITIONS = (
					"DEBUG=1",
					"$(inherited)",
				);
				GCC_WARN_64_TO_32_BIT_CONVERSION = YES;
				GCC_WARN_ABOUT_RETURN_TYPE = YES_ERROR;
				GCC_WARN_UNDECLARED_SELECTOR = YES;
				GCC_WARN_UNINITIALIZED_AUTOS = YES_AGGRESSIVE;
				GCC_WARN_UNUSED_FUNCTION = YES;
				GCC_WARN_UNUSED_VARIABLE = YES;
				IPHONEOS_DEPLOYMENT_TARGET = 18.5;
				LOCALIZATION_PREFERS_STRING_CATALOGS = YES;
				MTL_ENABLE_DEBUG_INFO = INCLUDE_SOURCE;
				MTL_FAST_MATH = YES;
				ONLY_ACTIVE_ARCH = YES;
				SDKROOT = iphoneos;
				SWIFT_ACTIVE_COMPILATION_CONDITIONS = "DEBUG $(inherited)";
				SWIFT_OPTIMIZATION_LEVEL = "-Onone";
			};
			name = Debug;
		};
		B85403FA2E94C16C0017992D /* Release */ = {
			isa = XCBuildConfiguration;
			buildSettings = {
				ALWAYS_SEARCH_USER_PATHS = NO;
				ASSETCATALOG_COMPILER_GENERATE_SWIFT_ASSET_SYMBOL_EXTENSIONS = YES;
				CLANG_ANALYZER_NONNULL = YES;
				CLANG_ANALYZER_NUMBER_OBJECT_CONVERSION = YES_AGGRESSIVE;
				CLANG_CXX_LANGUAGE_STANDARD = "gnu++20";
				CLANG_ENABLE_MODULES = YES;
				CLANG_ENABLE_OBJC_ARC = YES;
				CLANG_ENABLE_OBJC_WEAK = YES;
				CLANG_WARN_BLOCK_CAPTURE_AUTORELEASING = YES;
				CLANG_WARN_BOOL_CONVERSION = YES;
				CLANG_WARN_COMMA = YES;
				CLANG_WARN_CONSTANT_CONVERSION = YES;
				CLANG_WARN_DEPRECATED_OBJC_IMPLEMENTATIONS = YES;
				CLANG_WARN_DIRECT_OBJC_ISA_USAGE = YES_ERROR;
				CLANG_WARN_DOCUMENTATION_COMMENTS = YES;
				CLANG_WARN_EMPTY_BODY = YES;
				CLANG_WARN_ENUM_CONVERSION = YES;
				CLANG_WARN_INFINITE_RECURSION = YES;
				CLANG_WARN_INT_CONVERSION = YES;
				CLANG_WARN_NON_LITERAL_NULL_CONVERSION = YES;
				CLANG_WARN_OBJC_IMPLICIT_RETAIN_SELF = YES;
				CLANG_WARN_OBJC_LITERAL_CONVERSION = YES;
				CLANG_WARN_OBJC_ROOT_CLASS = YES_ERROR;
				CLANG_WARN_QUOTED_INCLUDE_IN_FRAMEWORK_HEADER = YES;
				CLANG_WARN_RANGE_LOOP_ANALYSIS = YES;
				CLANG_WARN_STRICT_PROTOTYPES = YES;
				CLANG_WARN_SUSPICIOUS_MOVE = YES;
				CLANG_WARN_UNGUARDED_AVAILABILITY = YES_AGGRESSIVE;
				CLANG_WARN_UNREACHABLE_CODE = YES;
				CLANG_WARN__DUPLICATE_METHOD_MATCH = YES;
				COPY_PHASE_STRIP = NO;
				DEBUG_INFORMATION_FORMAT = "dwarf-with-dsym";
				ENABLE_NS_ASSERTIONS = NO;
				ENABLE_STRICT_OBJC_MSGSEND = YES;
				ENABLE_USER_SCRIPT_SANDBOXING = YES;
				GCC_C_LANGUAGE_STANDARD = gnu17;
				GCC_NO_COMMON_BLOCKS = YES;
				GCC_WARN_64_TO_32_BIT_CONVERSION = YES;
				GCC_WARN_ABOUT_RETURN_TYPE = YES_ERROR;
				GCC_WARN_UNDECLARED_SELECTOR = YES;
				GCC_WARN_UNINITIALIZED_AUTOS = YES_AGGRESSIVE;
				GCC_WARN_UNUSED_FUNCTION = YES;
				GCC_WARN_UNUSED_VARIABLE = YES;
				IPHONEOS_DEPLOYMENT_TARGET = 18.5;
				LOCALIZATION_PREFERS_STRING_CATALOGS = YES;
				MTL_ENABLE_DEBUG_INFO = NO;
				MTL_FAST_MATH = YES;
				SDKROOT = iphoneos;
				SWIFT_COMPILATION_MODE = wholemodule;
				VALIDATE_PRODUCT = YES;
			};
			name = Release;
		};
		B85403FC2E94C16C0017992D /* Debug */ = {
			isa = XCBuildConfiguration;
			buildSettings = {
				BUNDLE_LOADER = "$(TEST_HOST)";
				CODE_SIGN_STYLE = Automatic;
				CURRENT_PROJECT_VERSION = 1;
				GENERATE_INFOPLIST_FILE = YES;
				IPHONEOS_DEPLOYMENT_TARGET = 18.5;
				MARKETING_VERSION = 1.0;
				PRODUCT_BUNDLE_IDENTIFIER = HSE.dipirogovPW2Tests;
				PRODUCT_NAME = "$(TARGET_NAME)";
				SWIFT_EMIT_LOC_STRINGS = NO;
				SWIFT_VERSION = 5.0;
				TARGETED_DEVICE_FAMILY = "1,2";
				TEST_HOST = "$(BUILT_PRODUCTS_DIR)/dipirogovPW2.app/$(BUNDLE_EXECUTABLE_FOLDER_PATH)/dipirogovPW2";
			};
			name = Debug;
		};
		B85403FD2E94C16C0017992D /* Release */ = {
			isa = XCBuildConfiguration;
			buildSettings = {
				BUNDLE_LOADER = "$(TEST_HOST)";
				CODE_SIGN_STYLE = Automatic;
				CURRENT_PROJECT_VERSION = 1;
				GENERATE_INFOPLIST_FILE = YES;
				IPHONEOS_DEPLOYMENT_TARGET = 18.5;
				MARKETING_VERSION = 1.0;
				PRODUCT_BUNDLE_IDENTIFIER = HSE.dipirogovPW2Tests;
				PRODUCT_NAME = "$(TARGET_NAME)";
				SWIFT_EMIT_LOC_STRINGS = NO;
				SWIFT_VERSION = 5.0;
				TARGETED_DEVICE_FAMILY = "1,2";
				TEST_HOST = "$(BUILT_PRODUCTS_DIR)/dipirogovPW2.app/$(BUNDLE_EXECUTABLE_FOLDER_PATH)/dipirogovPW2";
			};
			name = Release;
		};
		B85403FF2E94C16C0017992D /* Debug */ = {
			isa = XCBuildConfiguration;
			buildSettings = {
				CODE_SIGN_STYLE = Automatic;
				CURRENT_PROJECT_VERSION = 1;
				GENERATE_INFOPLIST_FILE = YES;
				MARKETING_VERSION = 1.0;
				PRODUCT_BUNDLE_IDENTIFIER = HSE.dipirogovPW2UITests;
				PRODUCT_NAME = "$(TARGET_NAME)";
				SWIFT_EMIT_LOC_STRINGS = NO;
				SWIFT_VERSION = 5.0;
				TARGETED_DEVICE_FAMILY = "1,2";
				TEST_TARGET_NAME = dipirogovPW2;
			};
			name = Debug;
		};
		B85404002E94C16C0017992D /* Release */ = {
			isa = XCBuildConfiguration;
			buildSettings = {
				CODE_SIGN_STYLE = Automatic;
				CURRENT_PROJECT_VERSION = 1;
				GENERATE_INFOPLIST_FILE = YES;
				MARKETING_VERSION = 1.0;
				PRODUCT_BUNDLE_IDENTIFIER = HSE.dipirogovPW2UITests;
				PRODUCT_NAME = "$(TARGET_NAME)";
				SWIFT_EMIT_LOC_STRINGS = NO;
				SWIFT_VERSION = 5.0;
				TARGETED_DEVICE_FAMILY = "1,2";
				TEST_TARGET_NAME = dipirogovPW2;
			};
			name = Release;
		};
/* End XCBuildConfiguration section */

/* Begin XCConfigurationList section */
		B85403C82E94C16B0017992D /* Build configuration list for PBXProject "dipirogovPW2" */ = {
			isa = XCConfigurationList;
			buildConfigurations = (
				B85403F92E94C16C0017992D /* Debug */,
				B85403FA2E94C16C0017992D /* Release */,
			);
			defaultConfigurationIsVisible = 0;
			defaultConfigurationName = Release;
		};
		B85403F62E94C16C0017992D /* Build configuration list for PBXNativeTarget "dipirogovPW2" */ = {
			isa = XCConfigurationList;
			buildConfigurations = (
				B85403F72E94C16C0017992D /* Debug */,
				B85403F82E94C16C0017992D /* Release */,
			);
			defaultConfigurationIsVisible = 0;
			defaultConfigurationName = Release;
		};
		B85403FB2E94C16C0017992D /* Build configuration list for PBXNativeTarget "dipirogovPW2Tests" */ = {
			isa = XCConfigurationList;
			buildConfigurations = (
				B85403FC2E94C16C0017992D /* Debug */,
				B85403FD2E94C16C0017992D /* Release */,
			);
			defaultConfigurationIsVisible = 0;
			defaultConfigurationName = Release;
		};
		B85403FE2E94C16C0017992D /* Build configuration list for PBXNativeTarget "dipirogovPW2UITests" */ = {
			isa = XCConfigurationList;
			buildConfigurations = (
				B85403FF2E94C16C0017992D /* Debug */,
				B85404002E94C16C0017992D /* Release */,
			);
			defaultConfigurationIsVisible = 0;
			defaultConfigurationName = Release;
		};
/* End XCConfigurationList section */
	};
	rootObject = B85403C52E94C16B0017992D /* Project object */;
}
